
Microsoft Visual Studio Solution File, Format Version 12.00
# Visual Studio Version 17
VisualStudioVersion = 17.11.35312.102
MinimumVisualStudioVersion = 10.0.40219.1
Project("{8BC9CEB8-8B4A-11D0-8D11-00A0C91BC942}") = "Chapter5Ex23_DAngeloFrancis", "Chapter5Ex23_DAngeloFrancis.vcxproj", "{F19EB35D-578F-449E-B3E9-96A3CBEC921F}"
EndProject
Global
	GlobalSection(SolutionConfigurationPlatforms) = preSolution
		Debug|x64 = Debug|x64
		Debug|x86 = Debug|x86
		Release|x64 = Release|x64
		Release|x86 = Release|x86
	EndGlobalSection
	GlobalSection(ProjectConfigurationPlatforms) = postSolution
		{F19EB35D-578F-449E-B3E9-96A3CBEC921F}.Debug|x64.ActiveCfg = Debug|x64
		{F19EB35D-578F-449E-B3E9-96A3CBEC921F}.Debug|x64.Build.0 = Debug|x64
		{F19EB35D-578F-449E-B3E9-96A3CBEC921F}.Debug|x86.ActiveCfg = Debug|Win32
		{F19EB35D-578F-449E-B3E9-96A3CBEC921F}.Debug|x86.Build.0 = Debug|Win32
		{F19EB35D-578F-449E-B3E9-96A3CBEC921F}.Release|x64.ActiveCfg = Release|x64
		{F19EB35D-578F-449E-B3E9-96A3CBEC921F}.Release|x64.Build.0 = Release|x64
		{F19EB35D-578F-449E-B3E9-96A3CBEC921F}.Release|x86.ActiveCfg = Release|Win32
		{F19EB35D-578F-449E-B3E9-96A3CBEC921F}.Release|x86.Build.0 = Release|Win32
	EndGlobalSection
	GlobalSection(SolutionProperties) = preSolution
		HideSolutionNode = FALSE
	EndGlobalSection
	GlobalSection(ExtensibilityGlobals) = postSolution
		SolutionGuid = {DFDDC63E-BFE3-44C4-95A4-8B6F3D16C424}
	EndGlobalSection
EndGlobal
